
Microsoft Visual Studio Solution File, Format Version 12.00
# Visual Studio 15
VisualStudioVersion = 15.0.28307.1800
MinimumVisualStudioVersion = 10.0.40219.1
Project("{FAE04EC0-301F-11D3-BF4B-00C04F79EFBC}") = "Homework4", "Homework4\Homework4.csproj", "{C865D796-8E61-4BB9-A0F0-DB1BBE17E65A}"
EndProject
Global
	GlobalSection(SolutionConfigurationPlatforms) = preSolution
		Debug|Any CPU = Debug|Any CPU
		Release|Any CPU = Release|Any CPU
	EndGlobalSection
	GlobalSection(ProjectConfigurationPlatforms) = postSolution
		{C865D796-8E61-4BB9-A0F0-DB1BBE17E65A}.Debug|Any CPU.ActiveCfg = Debug|Any CPU
		{C865D796-8E61-4BB9-A0F0-DB1BBE17E65A}.Debug|Any CPU.Build.0 = Debug|Any CPU
		{C865D796-8E61-4BB9-A0F0-DB1BBE17E65A}.Release|Any CPU.ActiveCfg = Release|Any CPU
		{C865D796-8E61-4BB9-A0F0-DB1BBE17E65A}.Release|Any CPU.Build.0 = Release|Any CPU
	EndGlobalSection
	GlobalSection(SolutionProperties) = preSolution
		HideSolutionNode = FALSE
	EndGlobalSection
	GlobalSection(ExtensibilityGlobals) = postSolution
		SolutionGuid = {8B273F90-2D2D-4511-B82D-7B6BA1E7AEC3}
	EndGlobalSection
EndGlobal
